
Microsoft Visual Studio Solution File, Format Version 12.00
# Visual Studio Version 16
VisualStudioVersion = 16.0.30709.132
MinimumVisualStudioVersion = 10.0.40219.1
Project("{FAE04EC0-301F-11D3-BF4B-00C04F79EFBC}") = "ConsoleApp1", "ConsoleApp1\ConsoleApp1.csproj", "{4C3F9E90-8303-4AEB-91FB-80A1FD630FA0}"
EndProject
Global
	GlobalSection(SolutionConfigurationPlatforms) = preSolution
		Debug|Any CPU = Debug|Any CPU
		Release|Any CPU = Release|Any CPU
	EndGlobalSection
	GlobalSection(ProjectConfigurationPlatforms) = postSolution
		{4C3F9E90-8303-4AEB-91FB-80A1FD630FA0}.Debug|Any CPU.ActiveCfg = Debug|Any CPU
		{4C3F9E90-8303-4AEB-91FB-80A1FD630FA0}.Debug|Any CPU.Build.0 = Debug|Any CPU
		{4C3F9E90-8303-4AEB-91FB-80A1FD630FA0}.Release|Any CPU.ActiveCfg = Release|Any CPU
		{4C3F9E90-8303-4AEB-91FB-80A1FD630FA0}.Release|Any CPU.Build.0 = Release|Any CPU
	EndGlobalSection
	GlobalSection(SolutionProperties) = preSolution
		HideSolutionNode = FALSE
	EndGlobalSection
	GlobalSection(ExtensibilityGlobals) = postSolution
		SolutionGuid = {9DB9EC8B-36A6-4ECB-B7BE-50C29D552951}
	EndGlobalSection
EndGlobal
